
Microsoft Visual Studio Solution File, Format Version 12.00
# Visual Studio 15
VisualStudioVersion = 15.0.28307.1062
MinimumVisualStudioVersion = 10.0.40219.1
Project("{FAE04EC0-301F-11D3-BF4B-00C04F79EFBC}") = "FileShare1.Android", "FileShare1\FileShare1.Android\FileShare1.Android.csproj", "{76381D9C-BD20-4820-B6DE-08C49E88EE67}"
EndProject
Project("{FAE04EC0-301F-11D3-BF4B-00C04F79EFBC}") = "FileShare1.iOS", "FileShare1\FileShare1.iOS\FileShare1.iOS.csproj", "{24508F5F-A61E-43D2-8C44-FBF2DDECD9DE}"
EndProject
Project("{9A19103F-16F7-4668-BE54-9A1E7A4F7556}") = "FileShare1", "FileShare1\FileShare1\FileShare1.csproj", "{50D78705-6666-4C1F-85B2-E5250AB92F0F}"
EndProject
Global
	GlobalSection(SolutionConfigurationPlatforms) = preSolution
		Ad-Hoc|Any CPU = Ad-Hoc|Any CPU
		Ad-Hoc|iPhone = Ad-Hoc|iPhone
		Ad-Hoc|iPhoneSimulator = Ad-Hoc|iPhoneSimulator
		AppStore|Any CPU = AppStore|Any CPU
		AppStore|iPhone = AppStore|iPhone
		AppStore|iPhoneSimulator = AppStore|iPhoneSimulator
		Debug|Any CPU = Debug|Any CPU
		Debug|iPhone = Debug|iPhone
		Debug|iPhoneSimulator = Debug|iPhoneSimulator
		Release|Any CPU = Release|Any CPU
		Release|iPhone = Release|iPhone
		Release|iPhoneSimulator = Release|iPhoneSimulator
	EndGlobalSection
	GlobalSection(ProjectConfigurationPlatforms) = postSolution
		{76381D9C-BD20-4820-B6DE-08C49E88EE67}.Ad-Hoc|Any CPU.ActiveCfg = Release|Any CPU
		{76381D9C-BD20-4820-B6DE-08C49E88EE67}.Ad-Hoc|Any CPU.Build.0 = Release|Any CPU
		{76381D9C-BD20-4820-B6DE-08C49E88EE67}.Ad-Hoc|Any CPU.Deploy.0 = Release|Any CPU
		{76381D9C-BD20-4820-B6DE-08C49E88EE67}.Ad-Hoc|iPhone.ActiveCfg = Release|Any CPU
		{76381D9C-BD20-4820-B6DE-08C49E88EE67}.Ad-Hoc|iPhone.Build.0 = Release|Any CPU
		{76381D9C-BD20-4820-B6DE-08C49E88EE67}.Ad-Hoc|iPhone.Deploy.0 = Release|Any CPU
		{76381D9C-BD20-4820-B6DE-08C49E88EE67}.Ad-Hoc|iPhoneSimulator.ActiveCfg = Release|Any CPU
		{76381D9C-BD20-4820-B6DE-08C49E88EE67}.Ad-Hoc|iPhoneSimulator.Build.0 = Release|Any CPU
		{76381D9C-BD20-4820-B6DE-08C49E88EE67}.Ad-Hoc|iPhoneSimulator.Deploy.0 = Release|Any CPU
		{76381D9C-BD20-4820-B6DE-08C49E88EE67}.AppStore|Any CPU.ActiveCfg = Release|Any CPU
		{76381D9C-BD20-4820-B6DE-08C49E88EE67}.AppStore|Any CPU.Build.0 = Release|Any CPU
		{76381D9C-BD20-4820-B6DE-08C49E88EE67}.AppStore|Any CPU.Deploy.0 = Release|Any CPU
		{76381D9C-BD20-4820-B6DE-08C49E88EE67}.AppStore|iPhone.ActiveCfg = Release|Any CPU
		{76381D9C-BD20-4820-B6DE-08C49E88EE67}.AppStore|iPhone.Build.0 = Release|Any CPU
		{76381D9C-BD20-4820-B6DE-08C49E88EE67}.AppStore|iPhone.Deploy.0 = Release|Any CPU
		{76381D9C-BD20-4820-B6DE-08C49E88EE67}.AppStore|iPhoneSimulator.ActiveCfg = Release|Any CPU
		{76381D9C-BD20-4820-B6DE-08C49E88EE67}.AppStore|iPhoneSimulator.Build.0 = Release|Any CPU
		{76381D9C-BD20-4820-B6DE-08C49E88EE67}.AppStore|iPhoneSimulator.Deploy.0 = Release|Any CPU
		{76381D9C-BD20-4820-B6DE-08C49E88EE67}.Debug|Any CPU.ActiveCfg = Debug|Any CPU
		{76381D9C-BD20-4820-B6DE-08C49E88EE67}.Debug|Any CPU.Build.0 = Debug|Any CPU
		{76381D9C-BD20-4820-B6DE-08C49E88EE67}.Debug|Any CPU.Deploy.0 = Debug|Any CPU
		{76381D9C-BD20-4820-B6DE-08C49E88EE67}.Debug|iPhone.ActiveCfg = Debug|Any CPU
		{76381D9C-BD20-4820-B6DE-08C49E88EE67}.Debug|iPhone.Build.0 = Debug|Any CPU
		{76381D9C-BD20-4820-B6DE-08C49E88EE67}.Debug|iPhone.Deploy.0 = Debug|Any CPU
		{76381D9C-BD20-4820-B6DE-08C49E88EE67}.Debug|iPhoneSimulator.ActiveCfg = Debug|Any CPU
		{76381D9C-BD20-4820-B6DE-08C49E88EE67}.Debug|iPhoneSimulator.Build.0 = Debug|Any CPU
		{76381D9C-BD20-4820-B6DE-08C49E88EE67}.Debug|iPhoneSimulator.Deploy.0 = Debug|Any CPU
		{76381D9C-BD20-4820-B6DE-08C49E88EE67}.Release|Any CPU.ActiveCfg = Release|Any CPU
		{76381D9C-BD20-4820-B6DE-08C49E88EE67}.Release|Any CPU.Build.0 = Release|Any CPU
		{76381D9C-BD20-4820-B6DE-08C49E88EE67}.Release|Any CPU.Deploy.0 = Release|Any CPU
		{76381D9C-BD20-4820-B6DE-08C49E88EE67}.Release|iPhone.ActiveCfg = Release|Any CPU
		{76381D9C-BD20-4820-B6DE-08C49E88EE67}.Release|iPhone.Build.0 = Release|Any CPU
		{76381D9C-BD20-4820-B6DE-08C49E88EE67}.Release|iPhone.Deploy.0 = Release|Any CPU
		{76381D9C-BD20-4820-B6DE-08C49E88EE67}.Release|iPhoneSimulator.ActiveCfg = Release|Any CPU
		{76381D9C-BD20-4820-B6DE-08C49E88EE67}.Release|iPhoneSimulator.Build.0 = Release|Any CPU
		{76381D9C-BD20-4820-B6DE-08C49E88EE67}.Release|iPhoneSimulator.Deploy.0 = Release|Any CPU
		{24508F5F-A61E-43D2-8C44-FBF2DDECD9DE}.Ad-Hoc|Any CPU.ActiveCfg = Ad-Hoc|iPhone
		{24508F5F-A61E-43D2-8C44-FBF2DDECD9DE}.Ad-Hoc|Any CPU.Build.0 = Ad-Hoc|iPhone
		{24508F5F-A61E-43D2-8C44-FBF2DDECD9DE}.Ad-Hoc|Any CPU.Deploy.0 = Ad-Hoc|iPhone
		{24508F5F-A61E-43D2-8C44-FBF2DDECD9DE}.Ad-Hoc|iPhone.ActiveCfg = Ad-Hoc|iPhone
		{24508F5F-A61E-43D2-8C44-FBF2DDECD9DE}.Ad-Hoc|iPhone.Build.0 = Ad-Hoc|iPhone
		{24508F5F-A61E-43D2-8C44-FBF2DDECD9DE}.Ad-Hoc|iPhone.Deploy.0 = Ad-Hoc|iPhone
		{24508F5F-A61E-43D2-8C44-FBF2DDECD9DE}.Ad-Hoc|iPhoneSimulator.ActiveCfg = Ad-Hoc|iPhoneSimulator
		{24508F5F-A61E-43D2-8C44-FBF2DDECD9DE}.Ad-Hoc|iPhoneSimulator.Build.0 = Ad-Hoc|iPhoneSimulator
		{24508F5F-A61E-43D2-8C44-FBF2DDECD9DE}.Ad-Hoc|iPhoneSimulator.Deploy.0 = Ad-Hoc|iPhoneSimulator
		{24508F5F-A61E-43D2-8C44-FBF2DDECD9DE}.AppStore|Any CPU.ActiveCfg = AppStore|iPhone
		{24508F5F-A61E-43D2-8C44-FBF2DDECD9DE}.AppStore|Any CPU.Build.0 = AppStore|iPhone
		{24508F5F-A61E-43D2-8C44-FBF2DDECD9DE}.AppStore|Any CPU.Deploy.0 = AppStore|iPhone
		{24508F5F-A61E-43D2-8C44-FBF2DDECD9DE}.AppStore|iPhone.ActiveCfg = AppStore|iPhone
		{24508F5F-A61E-43D2-8C44-FBF2DDECD9DE}.AppStore|iPhone.Build.0 = AppStore|iPhone
		{24508F5F-A61E-43D2-8C44-FBF2DDECD9DE}.AppStore|iPhone.Deploy.0 = AppStore|iPhone
		{24508F5F-A61E-43D2-8C44-FBF2DDECD9DE}.AppStore|iPhoneSimulator.ActiveCfg = AppStore|iPhoneSimulator
		{24508F5F-A61E-43D2-8C44-FBF2DDECD9DE}.AppStore|iPhoneSimulator.Build.0 = AppStore|iPhoneSimulator
		{24508F5F-A61E-43D2-8C44-FBF2DDECD9DE}.AppStore|iPhoneSimulator.Deploy.0 = AppStore|iPhoneSimulator
		{24508F5F-A61E-43D2-8C44-FBF2DDECD9DE}.Debug|Any CPU.ActiveCfg = Debug|iPhoneSimulator
		{24508F5F-A61E-43D2-8C44-FBF2DDECD9DE}.Debug|Any CPU.Deploy.0 = Debug|iPhoneSimulator
		{24508F5F-A61E-43D2-8C44-FBF2DDECD9DE}.Debug|iPhone.ActiveCfg = Debug|iPhone
		{24508F5F-A61E-43D2-8C44-FBF2DDECD9DE}.Debug|iPhone.Build.0 = Debug|iPhone
		{24508F5F-A61E-43D2-8C44-FBF2DDECD9DE}.Debug|iPhone.Deploy.0 = Debug|iPhone
		{24508F5F-A61E-43D2-8C44-FBF2DDECD9DE}.Debug|iPhoneSimulator.ActiveCfg = Debug|iPhoneSimulator
		{24508F5F-A61E-43D2-8C44-FBF2DDECD9DE}.Debug|iPhoneSimulator.Build.0 = Debug|iPhoneSimulator
		{24508F5F-A61E-43D2-8C44-FBF2DDECD9DE}.Debug|iPhoneSimulator.Deploy.0 = Debug|iPhoneSimulator
		{24508F5F-A61E-43D2-8C44-FBF2DDECD9DE}.Release|Any CPU.ActiveCfg = Release|iPhone
		{24508F5F-A61E-43D2-8C44-FBF2DDECD9DE}.Release|Any CPU.Build.0 = Release|iPhone
		{24508F5F-A61E-43D2-8C44-FBF2DDECD9DE}.Release|Any CPU.Deploy.0 = Release|iPhone
		{24508F5F-A61E-43D2-8C44-FBF2DDECD9DE}.Release|iPhone.ActiveCfg = Release|iPhone
		{24508F5F-A61E-43D2-8C44-FBF2DDECD9DE}.Release|iPhone.Build.0 = Release|iPhone
		{24508F5F-A61E-43D2-8C44-FBF2DDECD9DE}.Release|iPhone.Deploy.0 = Release|iPhone
		{24508F5F-A61E-43D2-8C44-FBF2DDECD9DE}.Release|iPhoneSimulator.ActiveCfg = Release|iPhoneSimulator
		{24508F5F-A61E-43D2-8C44-FBF2DDECD9DE}.Release|iPhoneSimulator.Build.0 = Release|iPhoneSimulator
		{24508F5F-A61E-43D2-8C44-FBF2DDECD9DE}.Release|iPhoneSimulator.Deploy.0 = Release|iPhoneSimulator
		{50D78705-6666-4C1F-85B2-E5250AB92F0F}.Ad-Hoc|Any CPU.ActiveCfg = Debug|Any CPU
		{50D78705-6666-4C1F-85B2-E5250AB92F0F}.Ad-Hoc|Any CPU.Build.0 = Debug|Any CPU
		{50D78705-6666-4C1F-85B2-E5250AB92F0F}.Ad-Hoc|Any CPU.Deploy.0 = Debug|Any CPU
		{50D78705-6666-4C1F-85B2-E5250AB92F0F}.Ad-Hoc|iPhone.ActiveCfg = Debug|Any CPU
		{50D78705-6666-4C1F-85B2-E5250AB92F0F}.Ad-Hoc|iPhone.Build.0 = Debug|Any CPU
		{50D78705-6666-4C1F-85B2-E5250AB92F0F}.Ad-Hoc|iPhone.Deploy.0 = Debug|Any CPU
		{50D78705-6666-4C1F-85B2-E5250AB92F0F}.Ad-Hoc|iPhoneSimulator.ActiveCfg = Debug|Any CPU
		{50D78705-6666-4C1F-85B2-E5250AB92F0F}.Ad-Hoc|iPhoneSimulator.Build.0 = Debug|Any CPU
		{50D78705-6666-4C1F-85B2-E5250AB92F0F}.Ad-Hoc|iPhoneSimulator.Deploy.0 = Debug|Any CPU
		{50D78705-6666-4C1F-85B2-E5250AB92F0F}.AppStore|Any CPU.ActiveCfg = Debug|Any CPU
		{50D78705-6666-4C1F-85B2-E5250AB92F0F}.AppStore|Any CPU.Build.0 = Debug|Any CPU
		{50D78705-6666-4C1F-85B2-E5250AB92F0F}.AppStore|Any CPU.Deploy.0 = Debug|Any CPU
		{50D78705-6666-4C1F-85B2-E5250AB92F0F}.AppStore|iPhone.ActiveCfg = Debug|Any CPU
		{50D78705-6666-4C1F-85B2-E5250AB92F0F}.AppStore|iPhone.Build.0 = Debug|Any CPU
		{50D78705-6666-4C1F-85B2-E5250AB92F0F}.AppStore|iPhone.Deploy.0 = Debug|Any CPU
		{50D78705-6666-4C1F-85B2-E5250AB92F0F}.AppStore|iPhoneSimulator.ActiveCfg = Debug|Any CPU
		{50D78705-6666-4C1F-85B2-E5250AB92F0F}.AppStore|iPhoneSimulator.Build.0 = Debug|Any CPU
		{50D78705-6666-4C1F-85B2-E5250AB92F0F}.AppStore|iPhoneSimulator.Deploy.0 = Debug|Any CPU
		{50D78705-6666-4C1F-85B2-E5250AB92F0F}.Debug|Any CPU.ActiveCfg = Debug|Any CPU
		{50D78705-6666-4C1F-85B2-E5250AB92F0F}.Debug|Any CPU.Build.0 = Debug|Any CPU
		{50D78705-6666-4C1F-85B2-E5250AB92F0F}.Debug|Any CPU.Deploy.0 = Debug|Any CPU
		{50D78705-6666-4C1F-85B2-E5250AB92F0F}.Debug|iPhone.ActiveCfg = Debug|Any CPU
		{50D78705-6666-4C1F-85B2-E5250AB92F0F}.Debug|iPhone.Build.0 = Debug|Any CPU
		{50D78705-6666-4C1F-85B2-E5250AB92F0F}.Debug|iPhone.Deploy.0 = Debug|Any CPU
		{50D78705-6666-4C1F-85B2-E5250AB92F0F}.Debug|iPhoneSimulator.ActiveCfg = Debug|Any CPU
		{50D78705-6666-4C1F-85B2-E5250AB92F0F}.Debug|iPhoneSimulator.Build.0 = Debug|Any CPU
		{50D78705-6666-4C1F-85B2-E5250AB92F0F}.Debug|iPhoneSimulator.Deploy.0 = Debug|Any CPU
		{50D78705-6666-4C1F-85B2-E5250AB92F0F}.Release|Any CPU.ActiveCfg = Release|Any CPU
		{50D78705-6666-4C1F-85B2-E5250AB92F0F}.Release|Any CPU.Build.0 = Release|Any CPU
		{50D78705-6666-4C1F-85B2-E5250AB92F0F}.Release|Any CPU.Deploy.0 = Release|Any CPU
		{50D78705-6666-4C1F-85B2-E5250AB92F0F}.Release|iPhone.ActiveCfg = Release|Any CPU
		{50D78705-6666-4C1F-85B2-E5250AB92F0F}.Release|iPhone.Build.0 = Release|Any CPU
		{50D78705-6666-4C1F-85B2-E5250AB92F0F}.Release|iPhone.Deploy.0 = Release|Any CPU
		{50D78705-6666-4C1F-85B2-E5250AB92F0F}.Release|iPhoneSimulator.ActiveCfg = Release|Any CPU
		{50D78705-6666-4C1F-85B2-E5250AB92F0F}.Release|iPhoneSimulator.Build.0 = Release|Any CPU
		{50D78705-6666-4C1F-85B2-E5250AB92F0F}.Release|iPhoneSimulator.Deploy.0 = Release|Any CPU
	EndGlobalSection
	GlobalSection(SolutionProperties) = preSolution
		HideSolutionNode = FALSE
	EndGlobalSection
	GlobalSection(ExtensibilityGlobals) = postSolution
		SolutionGuid = {AEA9E360-CE46-4F5A-995E-2D0BA58E771F}
	EndGlobalSection
EndGlobal
